{
  "name": "package-receiver",
  "version": "1.0.0",
  "lockfileVersion": 1,
  "requires": true,
  "dependencies": {
    "npm-modules-as-packages": {
      "version": "1.0.1",
      "resolved": "https://registry.npmjs.org/npm-modules-as-packages/-/npm-modules-as-packages-1.0.1.tgz",
      "integrity": "sha512-OwF5s3hoNrMlJyN5T6uXJkrVzzpWC4T7cI5vVKvW3kf21p4FZCxs2lQ3ut1TxVjd5UIAeci1RO718GVVnZwGPg=="
    }
  }
}
